// !$*UTF8*$!
{
	archiveVersion = 1;
	classes = {
	};
	objectVersion = 56;
	objects = {

/* Begin PBXBuildFile section */
		CAD711412B7B82D900FF545B /* AfricaApp.swift in Sources */ = {isa = PBXBuildFile; fileRef = CAD711402B7B82D900FF545B /* AfricaApp.swift */; };
		CAD711432B7B82D900FF545B /* ContentView.swift in Sources */ = {isa = PBXBuildFile; fileRef = CAD711422B7B82D900FF545B /* ContentView.swift */; };
		CAD711452B7B82DB00FF545B /* Assets.xcassets in Resources */ = {isa = PBXBuildFile; fileRef = CAD711442B7B82DB00FF545B /* Assets.xcassets */; };
		CAD711482B7B82DB00FF545B /* Preview Assets.xcassets in Resources */ = {isa = PBXBuildFile; fileRef = CAD711472B7B82DB00FF545B /* Preview Assets.xcassets */; };
		CAD711592B7B855D00FF545B /* cheetah.mp4 in Resources */ = {isa = PBXBuildFile; fileRef = CAD7114F2B7B855B00FF545B /* cheetah.mp4 */; };
		CAD7115A2B7B855D00FF545B /* rhino.mp4 in Resources */ = {isa = PBXBuildFile; fileRef = CAD711502B7B855B00FF545B /* rhino.mp4 */; };
		CAD7115B2B7B855D00FF545B /* elephant.mp4 in Resources */ = {isa = PBXBuildFile; fileRef = CAD711512B7B855B00FF545B /* elephant.mp4 */; };
		CAD7115C2B7B855D00FF545B /* gorilla.mp4 in Resources */ = {isa = PBXBuildFile; fileRef = CAD711522B7B855B00FF545B /* gorilla.mp4 */; };
		CAD7115D2B7B855D00FF545B /* zebra.mp4 in Resources */ = {isa = PBXBuildFile; fileRef = CAD711532B7B855C00FF545B /* zebra.mp4 */; };
		CAD7115E2B7B855D00FF545B /* ostrich.mp4 in Resources */ = {isa = PBXBuildFile; fileRef = CAD711542B7B855C00FF545B /* ostrich.mp4 */; };
		CAD7115F2B7B855D00FF545B /* giraffe.mp4 in Resources */ = {isa = PBXBuildFile; fileRef = CAD711552B7B855C00FF545B /* giraffe.mp4 */; };
		CAD711602B7B855D00FF545B /* lion.mp4 in Resources */ = {isa = PBXBuildFile; fileRef = CAD711562B7B855C00FF545B /* lion.mp4 */; };
		CAD711612B7B855D00FF545B /* lioness.mp4 in Resources */ = {isa = PBXBuildFile; fileRef = CAD711572B7B855D00FF545B /* lioness.mp4 */; };
		CAD711622B7B855D00FF545B /* hippo.mp4 in Resources */ = {isa = PBXBuildFile; fileRef = CAD711582B7B855D00FF545B /* hippo.mp4 */; };
		CAD711682B7B85A400FF545B /* covers.json in Resources */ = {isa = PBXBuildFile; fileRef = CAD711642B7B85A300FF545B /* covers.json */; };
		CAD711692B7B85A400FF545B /* videos.json in Resources */ = {isa = PBXBuildFile; fileRef = CAD711652B7B85A300FF545B /* videos.json */; };
		CAD7116A2B7B85A400FF545B /* animals.json in Resources */ = {isa = PBXBuildFile; fileRef = CAD711662B7B85A300FF545B /* animals.json */; };
		CAD7116B2B7B85A400FF545B /* locations.json in Resources */ = {isa = PBXBuildFile; fileRef = CAD711672B7B85A300FF545B /* locations.json */; };
		CAD7116F2B7B884700FF545B /* VideoListView.swift in Sources */ = {isa = PBXBuildFile; fileRef = CAD7116E2B7B884700FF545B /* VideoListView.swift */; };
		CAD711712B7B886000FF545B /* MapView.swift in Sources */ = {isa = PBXBuildFile; fileRef = CAD711702B7B886000FF545B /* MapView.swift */; };
		CAD711732B7B888200FF545B /* GalleryView.swift in Sources */ = {isa = PBXBuildFile; fileRef = CAD711722B7B888200FF545B /* GalleryView.swift */; };
		CAD711752B7B889600FF545B /* MainView.swift in Sources */ = {isa = PBXBuildFile; fileRef = CAD711742B7B889600FF545B /* MainView.swift */; };
		CAD711782B7C348500FF545B /* CoverImageView.swift in Sources */ = {isa = PBXBuildFile; fileRef = CAD711772B7C348500FF545B /* CoverImageView.swift */; };
		CAD7117B2B7C381100FF545B /* CoverImageModel.swift in Sources */ = {isa = PBXBuildFile; fileRef = CAD7117A2B7C381100FF545B /* CoverImageModel.swift */; };
		CAD7117E2B7C39B700FF545B /* CodableBundleExtension.swift in Sources */ = {isa = PBXBuildFile; fileRef = CAD7117D2B7C39B700FF545B /* CodableBundleExtension.swift */; };
		CAD711802B7C41D300FF545B /* AnimalListItemView.swift in Sources */ = {isa = PBXBuildFile; fileRef = CAD7117F2B7C41D300FF545B /* AnimalListItemView.swift */; };
		CAD711822B7C438B00FF545B /* AnimalModel.swift in Sources */ = {isa = PBXBuildFile; fileRef = CAD711812B7C438B00FF545B /* AnimalModel.swift */; };
/* End PBXBuildFile section */

/* Begin PBXFileReference section */
		CAD7113D2B7B82D900FF545B /* Africa.app */ = {isa = PBXFileReference; explicitFileType = wrapper.application; includeInIndex = 0; path = Africa.app; sourceTree = BUILT_PRODUCTS_DIR; };
		CAD711402B7B82D900FF545B /* AfricaApp.swift */ = {isa = PBXFileReference; lastKnownFileType = sourcecode.swift; path = AfricaApp.swift; sourceTree = "<group>"; };
		CAD711422B7B82D900FF545B /* ContentView.swift */ = {isa = PBXFileReference; lastKnownFileType = sourcecode.swift; path = ContentView.swift; sourceTree = "<group>"; };
		CAD711442B7B82DB00FF545B /* Assets.xcassets */ = {isa = PBXFileReference; lastKnownFileType = folder.assetcatalog; path = Assets.xcassets; sourceTree = "<group>"; };
		CAD711472B7B82DB00FF545B /* Preview Assets.xcassets */ = {isa = PBXFileReference; lastKnownFileType = folder.assetcatalog; path = "Preview Assets.xcassets"; sourceTree = "<group>"; };
		CAD7114F2B7B855B00FF545B /* cheetah.mp4 */ = {isa = PBXFileReference; lastKnownFileType = file; path = cheetah.mp4; sourceTree = "<group>"; };
		CAD711502B7B855B00FF545B /* rhino.mp4 */ = {isa = PBXFileReference; lastKnownFileType = file; path = rhino.mp4; sourceTree = "<group>"; };
		CAD711512B7B855B00FF545B /* elephant.mp4 */ = {isa = PBXFileReference; lastKnownFileType = file; path = elephant.mp4; sourceTree = "<group>"; };
		CAD711522B7B855B00FF545B /* gorilla.mp4 */ = {isa = PBXFileReference; lastKnownFileType = file; path = gorilla.mp4; sourceTree = "<group>"; };
		CAD711532B7B855C00FF545B /* zebra.mp4 */ = {isa = PBXFileReference; lastKnownFileType = file; path = zebra.mp4; sourceTree = "<group>"; };
		CAD711542B7B855C00FF545B /* ostrich.mp4 */ = {isa = PBXFileReference; lastKnownFileType = file; path = ostrich.mp4; sourceTree = "<group>"; };
		CAD711552B7B855C00FF545B /* giraffe.mp4 */ = {isa = PBXFileReference; lastKnownFileType = file; path = giraffe.mp4; sourceTree = "<group>"; };
		CAD711562B7B855C00FF545B /* lion.mp4 */ = {isa = PBXFileReference; lastKnownFileType = file; path = lion.mp4; sourceTree = "<group>"; };
		CAD711572B7B855D00FF545B /* lioness.mp4 */ = {isa = PBXFileReference; lastKnownFileType = file; path = lioness.mp4; sourceTree = "<group>"; };
		CAD711582B7B855D00FF545B /* hippo.mp4 */ = {isa = PBXFileReference; lastKnownFileType = file; path = hippo.mp4; sourceTree = "<group>"; };
		CAD711642B7B85A300FF545B /* covers.json */ = {isa = PBXFileReference; fileEncoding = 4; lastKnownFileType = text.json; path = covers.json; sourceTree = "<group>"; };
		CAD711652B7B85A300FF545B /* videos.json */ = {isa = PBXFileReference; fileEncoding = 4; lastKnownFileType = text.json; path = videos.json; sourceTree = "<group>"; };
		CAD711662B7B85A300FF545B /* animals.json */ = {isa = PBXFileReference; fileEncoding = 4; lastKnownFileType = text.json; path = animals.json; sourceTree = "<group>"; };
		CAD711672B7B85A300FF545B /* locations.json */ = {isa = PBXFileReference; fileEncoding = 4; lastKnownFileType = text.json; path = locations.json; sourceTree = "<group>"; };
		CAD7116C2B7B86C600FF545B /* Info.plist */ = {isa = PBXFileReference; lastKnownFileType = text.plist; path = Info.plist; sourceTree = "<group>"; };
		CAD7116E2B7B884700FF545B /* VideoListView.swift */ = {isa = PBXFileReference; lastKnownFileType = sourcecode.swift; path = VideoListView.swift; sourceTree = "<group>"; };
		CAD711702B7B886000FF545B /* MapView.swift */ = {isa = PBXFileReference; lastKnownFileType = sourcecode.swift; path = MapView.swift; sourceTree = "<group>"; };
		CAD711722B7B888200FF545B /* GalleryView.swift */ = {isa = PBXFileReference; lastKnownFileType = sourcecode.swift; path = GalleryView.swift; sourceTree = "<group>"; };
		CAD711742B7B889600FF545B /* MainView.swift */ = {isa = PBXFileReference; lastKnownFileType = sourcecode.swift; path = MainView.swift; sourceTree = "<group>"; };
		CAD711772B7C348500FF545B /* CoverImageView.swift */ = {isa = PBXFileReference; lastKnownFileType = sourcecode.swift; path = CoverImageView.swift; sourceTree = "<group>"; };
		CAD7117A2B7C381100FF545B /* CoverImageModel.swift */ = {isa = PBXFileReference; lastKnownFileType = sourcecode.swift; path = CoverImageModel.swift; sourceTree = "<group>"; };
		CAD7117D2B7C39B700FF545B /* CodableBundleExtension.swift */ = {isa = PBXFileReference; lastKnownFileType = sourcecode.swift; path = CodableBundleExtension.swift; sourceTree = "<group>"; };
		CAD7117F2B7C41D300FF545B /* AnimalListItemView.swift */ = {isa = PBXFileReference; lastKnownFileType = sourcecode.swift; path = AnimalListItemView.swift; sourceTree = "<group>"; };
		CAD711812B7C438B00FF545B /* AnimalModel.swift */ = {isa = PBXFileReference; lastKnownFileType = sourcecode.swift; path = AnimalModel.swift; sourceTree = "<group>"; };
/* End PBXFileReference section */

/* Begin PBXFrameworksBuildPhase section */
		CAD7113A2B7B82D900FF545B /* Frameworks */ = {
			isa = PBXFrameworksBuildPhase;
			buildActionMask = 2147483647;
			files = (
			);
			runOnlyForDeploymentPostprocessing = 0;
		};
/* End PBXFrameworksBuildPhase section */

/* Begin PBXGroup section */
		CAD711342B7B82D900FF545B = {
			isa = PBXGroup;
			children = (
				CAD7113F2B7B82D900FF545B /* Africa */,
				CAD7113E2B7B82D900FF545B /* Products */,
			);
			sourceTree = "<group>";
		};
		CAD7113E2B7B82D900FF545B /* Products */ = {
			isa = PBXGroup;
			children = (
				CAD7113D2B7B82D900FF545B /* Africa.app */,
			);
			name = Products;
			sourceTree = "<group>";
		};
		CAD7113F2B7B82D900FF545B /* Africa */ = {
			isa = PBXGroup;
			children = (
				CAD7117C2B7C399800FF545B /* Extension */,
				CAD711792B7C380200FF545B /* Model */,
				CAD711762B7C347500FF545B /* View */,
				CAD7116C2B7B86C600FF545B /* Info.plist */,
				CAD711632B7B858700FF545B /* Data */,
				CAD7114E2B7B852A00FF545B /* Video */,
				CAD7116D2B7B87FF00FF545B /* App */,
				CAD711442B7B82DB00FF545B /* Assets.xcassets */,
				CAD711462B7B82DB00FF545B /* Preview Content */,
			);
			path = Africa;
			sourceTree = "<group>";
		};
		CAD711462B7B82DB00FF545B /* Preview Content */ = {
			isa = PBXGroup;
			children = (
				CAD711472B7B82DB00FF545B /* Preview Assets.xcassets */,
			);
			path = "Preview Content";
			sourceTree = "<group>";
		};
		CAD7114E2B7B852A00FF545B /* Video */ = {
			isa = PBXGroup;
			children = (
				CAD7114F2B7B855B00FF545B /* cheetah.mp4 */,
				CAD711512B7B855B00FF545B /* elephant.mp4 */,
				CAD711552B7B855C00FF545B /* giraffe.mp4 */,
				CAD711522B7B855B00FF545B /* gorilla.mp4 */,
				CAD711582B7B855D00FF545B /* hippo.mp4 */,
				CAD711562B7B855C00FF545B /* lion.mp4 */,
				CAD711572B7B855D00FF545B /* lioness.mp4 */,
				CAD711542B7B855C00FF545B /* ostrich.mp4 */,
				CAD711502B7B855B00FF545B /* rhino.mp4 */,
				CAD711532B7B855C00FF545B /* zebra.mp4 */,
			);
			path = Video;
			sourceTree = "<group>";
		};
		CAD711632B7B858700FF545B /* Data */ = {
			isa = PBXGroup;
			children = (
				CAD711662B7B85A300FF545B /* animals.json */,
				CAD711642B7B85A300FF545B /* covers.json */,
				CAD711672B7B85A300FF545B /* locations.json */,
				CAD711652B7B85A300FF545B /* videos.json */,
			);
			path = Data;
			sourceTree = "<group>";
		};
		CAD7116D2B7B87FF00FF545B /* App */ = {
			isa = PBXGroup;
			children = (
				CAD711402B7B82D900FF545B /* AfricaApp.swift */,
				CAD711422B7B82D900FF545B /* ContentView.swift */,
				CAD7116E2B7B884700FF545B /* VideoListView.swift */,
				CAD711702B7B886000FF545B /* MapView.swift */,
				CAD711722B7B888200FF545B /* GalleryView.swift */,
				CAD711742B7B889600FF545B /* MainView.swift */,
			);
			path = App;
			sourceTree = "<group>";
		};
		CAD711762B7C347500FF545B /* View */ = {
			isa = PBXGroup;
			children = (
				CAD711772B7C348500FF545B /* CoverImageView.swift */,
				CAD7117F2B7C41D300FF545B /* AnimalListItemView.swift */,
			);
			path = View;
			sourceTree = "<group>";
		};
		CAD711792B7C380200FF545B /* Model */ = {
			isa = PBXGroup;
			children = (
				CAD7117A2B7C381100FF545B /* CoverImageModel.swift */,
				CAD711812B7C438B00FF545B /* AnimalModel.swift */,
			);
			path = Model;
			sourceTree = "<group>";
		};
		CAD7117C2B7C399800FF545B /* Extension */ = {
			isa = PBXGroup;
			children = (
				CAD7117D2B7C39B700FF545B /* CodableBundleExtension.swift */,
			);
			path = Extension;
			sourceTree = "<group>";
		};
/* End PBXGroup section */

/* Begin PBXNativeTarget section */
		CAD7113C2B7B82D900FF545B /* Africa */ = {
			isa = PBXNativeTarget;
			buildConfigurationList = CAD7114B2B7B82DB00FF545B /* Build configuration list for PBXNativeTarget "Africa" */;
			buildPhases = (
				CAD711392B7B82D900FF545B /* Sources */,
				CAD7113A2B7B82D900FF545B /* Frameworks */,
				CAD7113B2B7B82D900FF545B /* Resources */,
			);
			buildRules = (
			);
			dependencies = (
			);
			name = Africa;
			productName = Africa;
			productReference = CAD7113D2B7B82D900FF545B /* Africa.app */;
			productType = "com.apple.product-type.application";
		};
/* End PBXNativeTarget section */

/* Begin PBXProject section */
		CAD711352B7B82D900FF545B /* Project object */ = {
			isa = PBXProject;
			attributes = {
				BuildIndependentTargetsInParallel = 1;
				LastSwiftUpdateCheck = 1420;
				LastUpgradeCheck = 1420;
				TargetAttributes = {
					CAD7113C2B7B82D900FF545B = {
						CreatedOnToolsVersion = 14.2;
					};
				};
			};
			buildConfigurationList = CAD711382B7B82D900FF545B /* Build configuration list for PBXProject "Africa" */;
			compatibilityVersion = "Xcode 14.0";
			developmentRegion = en;
			hasScannedForEncodings = 0;
			knownRegions = (
				en,
				Base,
			);
			mainGroup = CAD711342B7B82D900FF545B;
			productRefGroup = CAD7113E2B7B82D900FF545B /* Products */;
			projectDirPath = "";
			projectRoot = "";
			targets = (
				CAD7113C2B7B82D900FF545B /* Africa */,
			);
		};
/* End PBXProject section */

/* Begin PBXResourcesBuildPhase section */
		CAD7113B2B7B82D900FF545B /* Resources */ = {
			isa = PBXResourcesBuildPhase;
			buildActionMask = 2147483647;
			files = (
				CAD7116A2B7B85A400FF545B /* animals.json in Resources */,
				CAD711682B7B85A400FF545B /* covers.json in Resources */,
				CAD7116B2B7B85A400FF545B /* locations.json in Resources */,
				CAD7115A2B7B855D00FF545B /* rhino.mp4 in Resources */,
				CAD711612B7B855D00FF545B /* lioness.mp4 in Resources */,
				CAD711692B7B85A400FF545B /* videos.json in Resources */,
				CAD711482B7B82DB00FF545B /* Preview Assets.xcassets in Resources */,
				CAD711452B7B82DB00FF545B /* Assets.xcassets in Resources */,
				CAD711622B7B855D00FF545B /* hippo.mp4 in Resources */,
				CAD711602B7B855D00FF545B /* lion.mp4 in Resources */,
				CAD7115B2B7B855D00FF545B /* elephant.mp4 in Resources */,
				CAD7115C2B7B855D00FF545B /* gorilla.mp4 in Resources */,
				CAD7115D2B7B855D00FF545B /* zebra.mp4 in Resources */,
				CAD7115E2B7B855D00FF545B /* ostrich.mp4 in Resources */,
				CAD711592B7B855D00FF545B /* cheetah.mp4 in Resources */,
				CAD7115F2B7B855D00FF545B /* giraffe.mp4 in Resources */,
			);
			runOnlyForDeploymentPostprocessing = 0;
		};
/* End PBXResourcesBuildPhase section */

/* Begin PBXSourcesBuildPhase section */
		CAD711392B7B82D900FF545B /* Sources */ = {
			isa = PBXSourcesBuildPhase;
			buildActionMask = 2147483647;
			files = (
				CAD711432B7B82D900FF545B /* ContentView.swift in Sources */,
				CAD711802B7C41D300FF545B /* AnimalListItemView.swift in Sources */,
				CAD711752B7B889600FF545B /* MainView.swift in Sources */,
				CAD711782B7C348500FF545B /* CoverImageView.swift in Sources */,
				CAD7117B2B7C381100FF545B /* CoverImageModel.swift in Sources */,
				CAD711822B7C438B00FF545B /* AnimalModel.swift in Sources */,
				CAD711712B7B886000FF545B /* MapView.swift in Sources */,
				CAD711412B7B82D900FF545B /* AfricaApp.swift in Sources */,
				CAD7116F2B7B884700FF545B /* VideoListView.swift in Sources */,
				CAD711732B7B888200FF545B /* GalleryView.swift in Sources */,
				CAD7117E2B7C39B700FF545B /* CodableBundleExtension.swift in Sources */,
			);
			runOnlyForDeploymentPostprocessing = 0;
		};
/* End PBXSourcesBuildPhase section */

/* Begin XCBuildConfiguration section */
		CAD711492B7B82DB00FF545B /* Debug */ = {
			isa = XCBuildConfiguration;
			buildSettings = {
				ALWAYS_SEARCH_USER_PATHS = NO;
				CLANG_ANALYZER_NONNULL = YES;
				CLANG_ANALYZER_NUMBER_OBJECT_CONVERSION = YES_AGGRESSIVE;
				CLANG_CXX_LANGUAGE_STANDARD = "gnu++20";
				CLANG_ENABLE_MODULES = YES;
				CLANG_ENABLE_OBJC_ARC = YES;
				CLANG_ENABLE_OBJC_WEAK = YES;
				CLANG_WARN_BLOCK_CAPTURE_AUTORELEASING = YES;
				CLANG_WARN_BOOL_CONVERSION = YES;
				CLANG_WARN_COMMA = YES;
				CLANG_WARN_CONSTANT_CONVERSION = YES;
				CLANG_WARN_DEPRECATED_OBJC_IMPLEMENTATIONS = YES;
				CLANG_WARN_DIRECT_OBJC_ISA_USAGE = YES_ERROR;
				CLANG_WARN_DOCUMENTATION_COMMENTS = YES;
				CLANG_WARN_EMPTY_BODY = YES;
				CLANG_WARN_ENUM_CONVERSION = YES;
				CLANG_WARN_INFINITE_RECURSION = YES;
				CLANG_WARN_INT_CONVERSION = YES;
				CLANG_WARN_NON_LITERAL_NULL_CONVERSION = YES;
				CLANG_WARN_OBJC_IMPLICIT_RETAIN_SELF = YES;
				CLANG_WARN_OBJC_LITERAL_CONVERSION = YES;
				CLANG_WARN_OBJC_ROOT_CLASS = YES_ERROR;
				CLANG_WARN_QUOTED_INCLUDE_IN_FRAMEWORK_HEADER = YES;
				CLANG_WARN_RANGE_LOOP_ANALYSIS = YES;
				CLANG_WARN_STRICT_PROTOTYPES = YES;
				CLANG_WARN_SUSPICIOUS_MOVE = YES;
				CLANG_WARN_UNGUARDED_AVAILABILITY = YES_AGGRESSIVE;
				CLANG_WARN_UNREACHABLE_CODE = YES;
				CLANG_WARN__DUPLICATE_METHOD_MATCH = YES;
				COPY_PHASE_STRIP = NO;
				DEBUG_INFORMATION_FORMAT = dwarf;
				ENABLE_STRICT_OBJC_MSGSEND = YES;
				ENABLE_TESTABILITY = YES;
				GCC_C_LANGUAGE_STANDARD = gnu11;
				GCC_DYNAMIC_NO_PIC = NO;
				GCC_NO_COMMON_BLOCKS = YES;
				GCC_OPTIMIZATION_LEVEL = 0;
				GCC_PREPROCESSOR_DEFINITIONS = (
					"DEBUG=1",
					"$(inherited)",
				);
				GCC_WARN_64_TO_32_BIT_CONVERSION = YES;
				GCC_WARN_ABOUT_RETURN_TYPE = YES_ERROR;
				GCC_WARN_UNDECLARED_SELECTOR = YES;
				GCC_WARN_UNINITIALIZED_AUTOS = YES_AGGRESSIVE;
				GCC_WARN_UNUSED_FUNCTION = YES;
				GCC_WARN_UNUSED_VARIABLE = YES;
				IPHONEOS_DEPLOYMENT_TARGET = 16.2;
				MTL_ENABLE_DEBUG_INFO = INCLUDE_SOURCE;
				MTL_FAST_MATH = YES;
				ONLY_ACTIVE_ARCH = YES;
				SDKROOT = iphoneos;
				SWIFT_ACTIVE_COMPILATION_CONDITIONS = DEBUG;
				SWIFT_OPTIMIZATION_LEVEL = "-Onone";
			};
			name = Debug;
		};
		CAD7114A2B7B82DB00FF545B /* Release */ = {
			isa = XCBuildConfiguration;
			buildSettings = {
				ALWAYS_SEARCH_USER_PATHS = NO;
				CLANG_ANALYZER_NONNULL = YES;
				CLANG_ANALYZER_NUMBER_OBJECT_CONVERSION = YES_AGGRESSIVE;
				CLANG_CXX_LANGUAGE_STANDARD = "gnu++20";
				CLANG_ENABLE_MODULES = YES;
				CLANG_ENABLE_OBJC_ARC = YES;
				CLANG_ENABLE_OBJC_WEAK = YES;
				CLANG_WARN_BLOCK_CAPTURE_AUTORELEASING = YES;
				CLANG_WARN_BOOL_CONVERSION = YES;
				CLANG_WARN_COMMA = YES;
				CLANG_WARN_CONSTANT_CONVERSION = YES;
				CLANG_WARN_DEPRECATED_OBJC_IMPLEMENTATIONS = YES;
				CLANG_WARN_DIRECT_OBJC_ISA_USAGE = YES_ERROR;
				CLANG_WARN_DOCUMENTATION_COMMENTS = YES;
				CLANG_WARN_EMPTY_BODY = YES;
				CLANG_WARN_ENUM_CONVERSION = YES;
				CLANG_WARN_INFINITE_RECURSION = YES;
				CLANG_WARN_INT_CONVERSION = YES;
				CLANG_WARN_NON_LITERAL_NULL_CONVERSION = YES;
				CLANG_WARN_OBJC_IMPLICIT_RETAIN_SELF = YES;
				CLANG_WARN_OBJC_LITERAL_CONVERSION = YES;
				CLANG_WARN_OBJC_ROOT_CLASS = YES_ERROR;
				CLANG_WARN_QUOTED_INCLUDE_IN_FRAMEWORK_HEADER = YES;
				CLANG_WARN_RANGE_LOOP_ANALYSIS = YES;
				CLANG_WARN_STRICT_PROTOTYPES = YES;
				CLANG_WARN_SUSPICIOUS_MOVE = YES;
				CLANG_WARN_UNGUARDED_AVAILABILITY = YES_AGGRESSIVE;
				CLANG_WARN_UNREACHABLE_CODE = YES;
				CLANG_WARN__DUPLICATE_METHOD_MATCH = YES;
				COPY_PHASE_STRIP = NO;
				DEBUG_INFORMATION_FORMAT = "dwarf-with-dsym";
				ENABLE_NS_ASSERTIONS = NO;
				ENABLE_STRICT_OBJC_MSGSEND = YES;
				GCC_C_LANGUAGE_STANDARD = gnu11;
				GCC_NO_COMMON_BLOCKS = YES;
				GCC_WARN_64_TO_32_BIT_CONVERSION = YES;
				GCC_WARN_ABOUT_RETURN_TYPE = YES_ERROR;
				GCC_WARN_UNDECLARED_SELECTOR = YES;
				GCC_WARN_UNINITIALIZED_AUTOS = YES_AGGRESSIVE;
				GCC_WARN_UNUSED_FUNCTION = YES;
				GCC_WARN_UNUSED_VARIABLE = YES;
				IPHONEOS_DEPLOYMENT_TARGET = 16.2;
				MTL_ENABLE_DEBUG_INFO = NO;
				MTL_FAST_MATH = YES;
				SDKROOT = iphoneos;
				SWIFT_COMPILATION_MODE = wholemodule;
				SWIFT_OPTIMIZATION_LEVEL = "-O";
				VALIDATE_PRODUCT = YES;
			};
			name = Release;
		};
		CAD7114C2B7B82DB00FF545B /* Debug */ = {
			isa = XCBuildConfiguration;
			buildSettings = {
				ASSETCATALOG_COMPILER_APPICON_NAME = AppIcon;
				ASSETCATALOG_COMPILER_GLOBAL_ACCENT_COLOR_NAME = AccentColor;
				CODE_SIGN_STYLE = Automatic;
				CURRENT_PROJECT_VERSION = 1;
				DEVELOPMENT_ASSET_PATHS = "\"Africa/Preview Content\"";
				DEVELOPMENT_TEAM = 76QSDV59CX;
				ENABLE_PREVIEWS = YES;
				GENERATE_INFOPLIST_FILE = YES;
				INFOPLIST_FILE = Africa/Info.plist;
				INFOPLIST_KEY_CFBundleDisplayName = "";
				INFOPLIST_KEY_UIApplicationSceneManifest_Generation = YES;
				INFOPLIST_KEY_UIApplicationSupportsIndirectInputEvents = YES;
				INFOPLIST_KEY_UISupportedInterfaceOrientations_iPad = "UIInterfaceOrientationPortrait UIInterfaceOrientationPortraitUpsideDown UIInterfaceOrientationLandscapeLeft UIInterfaceOrientationLandscapeRight";
				INFOPLIST_KEY_UISupportedInterfaceOrientations_iPhone = "UIInterfaceOrientationPortrait UIInterfaceOrientationLandscapeLeft UIInterfaceOrientationLandscapeRight";
				INFOPLIST_KEY_UIUserInterfaceStyle = Dark;
				LD_RUNPATH_SEARCH_PATHS = (
					"$(inherited)",
					"@executable_path/Frameworks",
				);
				MARKETING_VERSION = 1.0;
				PRODUCT_BUNDLE_IDENTIFIER = jp.ringrin.Africa;
				PRODUCT_NAME = "$(TARGET_NAME)";
				SWIFT_EMIT_LOC_STRINGS = YES;
				SWIFT_VERSION = 5.0;
				TARGETED_DEVICE_FAMILY = "1,2";
			};
			name = Debug;
		};
		CAD7114D2B7B82DB00FF545B /* Release */ = {
			isa = XCBuildConfiguration;
			buildSettings = {
				ASSETCATALOG_COMPILER_APPICON_NAME = AppIcon;
				ASSETCATALOG_COMPILER_GLOBAL_ACCENT_COLOR_NAME = AccentColor;
				CODE_SIGN_STYLE = Automatic;
				CURRENT_PROJECT_VERSION = 1;
				DEVELOPMENT_ASSET_PATHS = "\"Africa/Preview Content\"";
				DEVELOPMENT_TEAM = 76QSDV59CX;
				ENABLE_PREVIEWS = YES;
				GENERATE_INFOPLIST_FILE = YES;
				INFOPLIST_FILE = Africa/Info.plist;
				INFOPLIST_KEY_CFBundleDisplayName = "";
				INFOPLIST_KEY_UIApplicationSceneManifest_Generation = YES;
				INFOPLIST_KEY_UIApplicationSupportsIndirectInputEvents = YES;
				INFOPLIST_KEY_UISupportedInterfaceOrientations_iPad = "UIInterfaceOrientationPortrait UIInterfaceOrientationPortraitUpsideDown UIInterfaceOrientationLandscapeLeft UIInterfaceOrientationLandscapeRight";
				INFOPLIST_KEY_UISupportedInterfaceOrientations_iPhone = "UIInterfaceOrientationPortrait UIInterfaceOrientationLandscapeLeft UIInterfaceOrientationLandscapeRight";
				INFOPLIST_KEY_UIUserInterfaceStyle = Dark;
				LD_RUNPATH_SEARCH_PATHS = (
					"$(inherited)",
					"@executable_path/Frameworks",
				);
				MARKETING_VERSION = 1.0;
				PRODUCT_BUNDLE_IDENTIFIER = jp.ringrin.Africa;
				PRODUCT_NAME = "$(TARGET_NAME)";
				SWIFT_EMIT_LOC_STRINGS = YES;
				SWIFT_VERSION = 5.0;
				TARGETED_DEVICE_FAMILY = "1,2";
			};
			name = Release;
		};
/* End XCBuildConfiguration section */

/* Begin XCConfigurationList section */
		CAD711382B7B82D900FF545B /* Build configuration list for PBXProject "Africa" */ = {
			isa = XCConfigurationList;
			buildConfigurations = (
				CAD711492B7B82DB00FF545B /* Debug */,
				CAD7114A2B7B82DB00FF545B /* Release */,
			);
			defaultConfigurationIsVisible = 0;
			defaultConfigurationName = Release;
		};
		CAD7114B2B7B82DB00FF545B /* Build configuration list for PBXNativeTarget "Africa" */ = {
			isa = XCConfigurationList;
			buildConfigurations = (
				CAD7114C2B7B82DB00FF545B /* Debug */,
				CAD7114D2B7B82DB00FF545B /* Release */,
			);
			defaultConfigurationIsVisible = 0;
			defaultConfigurationName = Release;
		};
/* End XCConfigurationList section */
	};
	rootObject = CAD711352B7B82D900FF545B /* Project object */;
}
